
Microsoft Visual Studio Solution File, Format Version 12.00
# Visual Studio Version 17
VisualStudioVersion = 17.8.34330.188
MinimumVisualStudioVersion = 10.0.40219.1
Project("{FAE04EC0-301F-11D3-BF4B-00C04F79EFBC}") = "problema-02", "problema-02\problema-02.csproj", "{95D498D3-35A6-4FC9-AC80-B6E753159B73}"
EndProject
Project("{FAE04EC0-301F-11D3-BF4B-00C04F79EFBC}") = "pronlema-01", "pronlema-01\pronlema-01.csproj", "{0CEDA814-14B0-4BF0-AC51-5346E6F7E9E4}"
EndProject
Global
	GlobalSection(SolutionConfigurationPlatforms) = preSolution
		Debug|Any CPU = Debug|Any CPU
		Release|Any CPU = Release|Any CPU
	EndGlobalSection
	GlobalSection(ProjectConfigurationPlatforms) = postSolution
		{95D498D3-35A6-4FC9-AC80-B6E753159B73}.Debug|Any CPU.ActiveCfg = Debug|Any CPU
		{95D498D3-35A6-4FC9-AC80-B6E753159B73}.Debug|Any CPU.Build.0 = Debug|Any CPU
		{95D498D3-35A6-4FC9-AC80-B6E753159B73}.Release|Any CPU.ActiveCfg = Release|Any CPU
		{95D498D3-35A6-4FC9-AC80-B6E753159B73}.Release|Any CPU.Build.0 = Release|Any CPU
		{0CEDA814-14B0-4BF0-AC51-5346E6F7E9E4}.Debug|Any CPU.ActiveCfg = Debug|Any CPU
		{0CEDA814-14B0-4BF0-AC51-5346E6F7E9E4}.Debug|Any CPU.Build.0 = Debug|Any CPU
		{0CEDA814-14B0-4BF0-AC51-5346E6F7E9E4}.Release|Any CPU.ActiveCfg = Release|Any CPU
		{0CEDA814-14B0-4BF0-AC51-5346E6F7E9E4}.Release|Any CPU.Build.0 = Release|Any CPU
	EndGlobalSection
	GlobalSection(SolutionProperties) = preSolution
		HideSolutionNode = FALSE
	EndGlobalSection
	GlobalSection(ExtensibilityGlobals) = postSolution
		SolutionGuid = {66187D36-E598-4D46-95FF-3F3F4DE66578}
	EndGlobalSection
EndGlobal
