
Microsoft Visual Studio Solution File, Format Version 12.00
# Visual Studio Version 17
VisualStudioVersion = 17.8.34330.188
MinimumVisualStudioVersion = 10.0.40219.1
Project("{9A19103F-16F7-4668-BE54-9A1E7A4F7556}") = "problema-02", "problema-02\problema-02.csproj", "{95D498D3-35A6-4FC9-AC80-B6E753159B73}"
EndProject
Project("{9A19103F-16F7-4668-BE54-9A1E7A4F7556}") = "problema-01", "problema-01\problema-01.csproj", "{51F71182-6156-443A-AAB7-3140BF14FAB8}"
EndProject
Project("{9A19103F-16F7-4668-BE54-9A1E7A4F7556}") = "problema-03", "problema-03\problema-03.csproj", "{14237FCD-852C-4C81-80E8-B9C8555D2410}"
EndProject
Project("{9A19103F-16F7-4668-BE54-9A1E7A4F7556}") = "problema-04", "problema-04\problema-04.csproj", "{0B43CA06-D72E-40CA-B033-74EF3CC26373}"
EndProject
Project("{9A19103F-16F7-4668-BE54-9A1E7A4F7556}") = "problema-05", "problema-05\problema-05.csproj", "{5D1C7207-F0EE-4A6E-BC51-7B66D473DFE6}"
EndProject
Project("{9A19103F-16F7-4668-BE54-9A1E7A4F7556}") = "problema-07", "problema-07\problema-07.csproj", "{04457656-9FEB-4E83-B1F3-1EFB9E44BFB4}"
EndProject
Project("{9A19103F-16F7-4668-BE54-9A1E7A4F7556}") = "problema-06", "problema-06\problema-06.csproj", "{B6867B9B-D180-4F31-B11E-778D26A1B92B}"
EndProject
Project("{9A19103F-16F7-4668-BE54-9A1E7A4F7556}") = "problema-08", "problema-08\problema-08.csproj", "{41E5950D-CA2E-4B41-9A13-B88FB096FEB3}"
EndProject
Project("{9A19103F-16F7-4668-BE54-9A1E7A4F7556}") = "problema-09", "problema-09\problema-09.csproj", "{C9B97AAB-A915-4353-A453-A9B420935CA1}"
EndProject
Project("{FAE04EC0-301F-11D3-BF4B-00C04F79EFBC}") = "problema-10", "problema-10\problema-10.csproj", "{9D853E5F-0B63-44C1-AD17-BDC0E8C552F0}"
EndProject
Project("{FAE04EC0-301F-11D3-BF4B-00C04F79EFBC}") = "problema-11", "problema-11\problema-11.csproj", "{ACAFF605-2690-4CC5-8EA7-080913EA9E74}"
EndProject
Project("{FAE04EC0-301F-11D3-BF4B-00C04F79EFBC}") = "problema-12", "problema-12\problema-12.csproj", "{EB1010AD-31C5-4D63-B67E-D5DBD1FFED71}"
EndProject
Global
	GlobalSection(SolutionConfigurationPlatforms) = preSolution
		Debug|Any CPU = Debug|Any CPU
		Release|Any CPU = Release|Any CPU
	EndGlobalSection
	GlobalSection(ProjectConfigurationPlatforms) = postSolution
		{95D498D3-35A6-4FC9-AC80-B6E753159B73}.Debug|Any CPU.ActiveCfg = Debug|Any CPU
		{95D498D3-35A6-4FC9-AC80-B6E753159B73}.Debug|Any CPU.Build.0 = Debug|Any CPU
		{95D498D3-35A6-4FC9-AC80-B6E753159B73}.Release|Any CPU.ActiveCfg = Release|Any CPU
		{95D498D3-35A6-4FC9-AC80-B6E753159B73}.Release|Any CPU.Build.0 = Release|Any CPU
		{51F71182-6156-443A-AAB7-3140BF14FAB8}.Debug|Any CPU.ActiveCfg = Debug|Any CPU
		{51F71182-6156-443A-AAB7-3140BF14FAB8}.Debug|Any CPU.Build.0 = Debug|Any CPU
		{51F71182-6156-443A-AAB7-3140BF14FAB8}.Release|Any CPU.ActiveCfg = Release|Any CPU
		{51F71182-6156-443A-AAB7-3140BF14FAB8}.Release|Any CPU.Build.0 = Release|Any CPU
		{14237FCD-852C-4C81-80E8-B9C8555D2410}.Debug|Any CPU.ActiveCfg = Debug|Any CPU
		{14237FCD-852C-4C81-80E8-B9C8555D2410}.Debug|Any CPU.Build.0 = Debug|Any CPU
		{14237FCD-852C-4C81-80E8-B9C8555D2410}.Release|Any CPU.ActiveCfg = Release|Any CPU
		{14237FCD-852C-4C81-80E8-B9C8555D2410}.Release|Any CPU.Build.0 = Release|Any CPU
		{0B43CA06-D72E-40CA-B033-74EF3CC26373}.Debug|Any CPU.ActiveCfg = Debug|Any CPU
		{0B43CA06-D72E-40CA-B033-74EF3CC26373}.Debug|Any CPU.Build.0 = Debug|Any CPU
		{0B43CA06-D72E-40CA-B033-74EF3CC26373}.Release|Any CPU.ActiveCfg = Release|Any CPU
		{0B43CA06-D72E-40CA-B033-74EF3CC26373}.Release|Any CPU.Build.0 = Release|Any CPU
		{5D1C7207-F0EE-4A6E-BC51-7B66D473DFE6}.Debug|Any CPU.ActiveCfg = Debug|Any CPU
		{5D1C7207-F0EE-4A6E-BC51-7B66D473DFE6}.Debug|Any CPU.Build.0 = Debug|Any CPU
		{5D1C7207-F0EE-4A6E-BC51-7B66D473DFE6}.Release|Any CPU.ActiveCfg = Release|Any CPU
		{5D1C7207-F0EE-4A6E-BC51-7B66D473DFE6}.Release|Any CPU.Build.0 = Release|Any CPU
		{04457656-9FEB-4E83-B1F3-1EFB9E44BFB4}.Debug|Any CPU.ActiveCfg = Debug|Any CPU
		{04457656-9FEB-4E83-B1F3-1EFB9E44BFB4}.Debug|Any CPU.Build.0 = Debug|Any CPU
		{04457656-9FEB-4E83-B1F3-1EFB9E44BFB4}.Release|Any CPU.ActiveCfg = Release|Any CPU
		{04457656-9FEB-4E83-B1F3-1EFB9E44BFB4}.Release|Any CPU.Build.0 = Release|Any CPU
		{B6867B9B-D180-4F31-B11E-778D26A1B92B}.Debug|Any CPU.ActiveCfg = Debug|Any CPU
		{B6867B9B-D180-4F31-B11E-778D26A1B92B}.Debug|Any CPU.Build.0 = Debug|Any CPU
		{B6867B9B-D180-4F31-B11E-778D26A1B92B}.Release|Any CPU.ActiveCfg = Release|Any CPU
		{B6867B9B-D180-4F31-B11E-778D26A1B92B}.Release|Any CPU.Build.0 = Release|Any CPU
		{41E5950D-CA2E-4B41-9A13-B88FB096FEB3}.Debug|Any CPU.ActiveCfg = Debug|Any CPU
		{41E5950D-CA2E-4B41-9A13-B88FB096FEB3}.Debug|Any CPU.Build.0 = Debug|Any CPU
		{41E5950D-CA2E-4B41-9A13-B88FB096FEB3}.Release|Any CPU.ActiveCfg = Release|Any CPU
		{41E5950D-CA2E-4B41-9A13-B88FB096FEB3}.Release|Any CPU.Build.0 = Release|Any CPU
		{C9B97AAB-A915-4353-A453-A9B420935CA1}.Debug|Any CPU.ActiveCfg = Debug|Any CPU
		{C9B97AAB-A915-4353-A453-A9B420935CA1}.Debug|Any CPU.Build.0 = Debug|Any CPU
		{C9B97AAB-A915-4353-A453-A9B420935CA1}.Release|Any CPU.ActiveCfg = Release|Any CPU
		{C9B97AAB-A915-4353-A453-A9B420935CA1}.Release|Any CPU.Build.0 = Release|Any CPU
		{9D853E5F-0B63-44C1-AD17-BDC0E8C552F0}.Debug|Any CPU.ActiveCfg = Debug|Any CPU
		{9D853E5F-0B63-44C1-AD17-BDC0E8C552F0}.Debug|Any CPU.Build.0 = Debug|Any CPU
		{9D853E5F-0B63-44C1-AD17-BDC0E8C552F0}.Release|Any CPU.ActiveCfg = Release|Any CPU
		{9D853E5F-0B63-44C1-AD17-BDC0E8C552F0}.Release|Any CPU.Build.0 = Release|Any CPU
		{ACAFF605-2690-4CC5-8EA7-080913EA9E74}.Debug|Any CPU.ActiveCfg = Debug|Any CPU
		{ACAFF605-2690-4CC5-8EA7-080913EA9E74}.Debug|Any CPU.Build.0 = Debug|Any CPU
		{ACAFF605-2690-4CC5-8EA7-080913EA9E74}.Release|Any CPU.ActiveCfg = Release|Any CPU
		{ACAFF605-2690-4CC5-8EA7-080913EA9E74}.Release|Any CPU.Build.0 = Release|Any CPU
		{EB1010AD-31C5-4D63-B67E-D5DBD1FFED71}.Debug|Any CPU.ActiveCfg = Debug|Any CPU
		{EB1010AD-31C5-4D63-B67E-D5DBD1FFED71}.Debug|Any CPU.Build.0 = Debug|Any CPU
		{EB1010AD-31C5-4D63-B67E-D5DBD1FFED71}.Release|Any CPU.ActiveCfg = Release|Any CPU
		{EB1010AD-31C5-4D63-B67E-D5DBD1FFED71}.Release|Any CPU.Build.0 = Release|Any CPU
	EndGlobalSection
	GlobalSection(SolutionProperties) = preSolution
		HideSolutionNode = FALSE
	EndGlobalSection
	GlobalSection(ExtensibilityGlobals) = postSolution
		SolutionGuid = {66187D36-E598-4D46-95FF-3F3F4DE66578}
	EndGlobalSection
EndGlobal
